// !$*UTF8*$!
{
	archiveVersion = 1;
	classes = {
	};
	objectVersion = 55;
	objects = {

/* Begin PBXBuildFile section */
		2F19A85C28BEA7B1003F4144 /* SolarSystemPlanetsApp.swift in Sources */ = {isa = PBXBuildFile; fileRef = 2F19A85B28BEA7B1003F4144 /* SolarSystemPlanetsApp.swift */; };
		2F19A85E28BEA7B1003F4144 /* ContentView.swift in Sources */ = {isa = PBXBuildFile; fileRef = 2F19A85D28BEA7B1003F4144 /* ContentView.swift */; };
		2F19A86028BEA7B3003F4144 /* Assets.xcassets in Resources */ = {isa = PBXBuildFile; fileRef = 2F19A85F28BEA7B3003F4144 /* Assets.xcassets */; };
		2F19A86328BEA7B3003F4144 /* Preview Assets.xcassets in Resources */ = {isa = PBXBuildFile; fileRef = 2F19A86228BEA7B3003F4144 /* Preview Assets.xcassets */; };
		2F19A86A28BEA862003F4144 /* Planets.swift in Sources */ = {isa = PBXBuildFile; fileRef = 2F19A86928BEA862003F4144 /* Planets.swift */; };
		2F19A86C28BEA920003F4144 /* Datas.swift in Sources */ = {isa = PBXBuildFile; fileRef = 2F19A86B28BEA920003F4144 /* Datas.swift */; };
		2F19A86E28BEAA2D003F4144 /* ButtonView.swift in Sources */ = {isa = PBXBuildFile; fileRef = 2F19A86D28BEAA2D003F4144 /* ButtonView.swift */; };
		2F19A87028BEACFD003F4144 /* PlanetView.swift in Sources */ = {isa = PBXBuildFile; fileRef = 2F19A86F28BEACFD003F4144 /* PlanetView.swift */; };
/* End PBXBuildFile section */

/* Begin PBXFileReference section */
		2F19A85828BEA7B1003F4144 /* SolarSystemPlanets.app */ = {isa = PBXFileReference; explicitFileType = wrapper.application; includeInIndex = 0; path = SolarSystemPlanets.app; sourceTree = BUILT_PRODUCTS_DIR; };
		2F19A85B28BEA7B1003F4144 /* SolarSystemPlanetsApp.swift */ = {isa = PBXFileReference; lastKnownFileType = sourcecode.swift; path = SolarSystemPlanetsApp.swift; sourceTree = "<group>"; };
		2F19A85D28BEA7B1003F4144 /* ContentView.swift */ = {isa = PBXFileReference; lastKnownFileType = sourcecode.swift; path = ContentView.swift; sourceTree = "<group>"; };
		2F19A85F28BEA7B3003F4144 /* Assets.xcassets */ = {isa = PBXFileReference; lastKnownFileType = folder.assetcatalog; path = Assets.xcassets; sourceTree = "<group>"; };
		2F19A86228BEA7B3003F4144 /* Preview Assets.xcassets */ = {isa = PBXFileReference; lastKnownFileType = folder.assetcatalog; path = "Preview Assets.xcassets"; sourceTree = "<group>"; };
		2F19A86928BEA862003F4144 /* Planets.swift */ = {isa = PBXFileReference; lastKnownFileType = sourcecode.swift; path = Planets.swift; sourceTree = "<group>"; };
		2F19A86B28BEA920003F4144 /* Datas.swift */ = {isa = PBXFileReference; lastKnownFileType = sourcecode.swift; path = Datas.swift; sourceTree = "<group>"; };
		2F19A86D28BEAA2D003F4144 /* ButtonView.swift */ = {isa = PBXFileReference; lastKnownFileType = sourcecode.swift; path = ButtonView.swift; sourceTree = "<group>"; };
		2F19A86F28BEACFD003F4144 /* PlanetView.swift */ = {isa = PBXFileReference; lastKnownFileType = sourcecode.swift; path = PlanetView.swift; sourceTree = "<group>"; };
/* End PBXFileReference section */

/* Begin PBXFrameworksBuildPhase section */
		2F19A85528BEA7B1003F4144 /* Frameworks */ = {
			isa = PBXFrameworksBuildPhase;
			buildActionMask = 2147483647;
			files = (
			);
			runOnlyForDeploymentPostprocessing = 0;
		};
/* End PBXFrameworksBuildPhase section */

/* Begin PBXGroup section */
		2F19A84F28BEA7B1003F4144 = {
			isa = PBXGroup;
			children = (
				2F19A85A28BEA7B1003F4144 /* SolarSystemPlanets */,
				2F19A85928BEA7B1003F4144 /* Products */,
			);
			sourceTree = "<group>";
		};
		2F19A85928BEA7B1003F4144 /* Products */ = {
			isa = PBXGroup;
			children = (
				2F19A85828BEA7B1003F4144 /* SolarSystemPlanets.app */,
			);
			name = Products;
			sourceTree = "<group>";
		};
		2F19A85A28BEA7B1003F4144 /* SolarSystemPlanets */ = {
			isa = PBXGroup;
			children = (
				2F19A85B28BEA7B1003F4144 /* SolarSystemPlanetsApp.swift */,
				2F19A85D28BEA7B1003F4144 /* ContentView.swift */,
				2F19A85F28BEA7B3003F4144 /* Assets.xcassets */,
				2F19A86128BEA7B3003F4144 /* Preview Content */,
				2F19A86928BEA862003F4144 /* Planets.swift */,
				2F19A86B28BEA920003F4144 /* Datas.swift */,
				2F19A86D28BEAA2D003F4144 /* ButtonView.swift */,
				2F19A86F28BEACFD003F4144 /* PlanetView.swift */,
			);
			path = SolarSystemPlanets;
			sourceTree = "<group>";
		};
		2F19A86128BEA7B3003F4144 /* Preview Content */ = {
			isa = PBXGroup;
			children = (
				2F19A86228BEA7B3003F4144 /* Preview Assets.xcassets */,
			);
			path = "Preview Content";
			sourceTree = "<group>";
		};
/* End PBXGroup section */

/* Begin PBXNativeTarget section */
		2F19A85728BEA7B1003F4144 /* SolarSystemPlanets */ = {
			isa = PBXNativeTarget;
			buildConfigurationList = 2F19A86628BEA7B3003F4144 /* Build configuration list for PBXNativeTarget "SolarSystemPlanets" */;
			buildPhases = (
				2F19A85428BEA7B1003F4144 /* Sources */,
				2F19A85528BEA7B1003F4144 /* Frameworks */,
				2F19A85628BEA7B1003F4144 /* Resources */,
			);
			buildRules = (
			);
			dependencies = (
			);
			name = SolarSystemPlanets;
			productName = SolarSystemPlanets;
			productReference = 2F19A85828BEA7B1003F4144 /* SolarSystemPlanets.app */;
			productType = "com.apple.product-type.application";
		};
/* End PBXNativeTarget section */

/* Begin PBXProject section */
		2F19A85028BEA7B1003F4144 /* Project object */ = {
			isa = PBXProject;
			attributes = {
				BuildIndependentTargetsInParallel = 1;
				LastSwiftUpdateCheck = 1340;
				LastUpgradeCheck = 1340;
				TargetAttributes = {
					2F19A85728BEA7B1003F4144 = {
						CreatedOnToolsVersion = 13.4.1;
					};
				};
			};
			buildConfigurationList = 2F19A85328BEA7B1003F4144 /* Build configuration list for PBXProject "SolarSystemPlanets" */;
			compatibilityVersion = "Xcode 13.0";
			developmentRegion = en;
			hasScannedForEncodings = 0;
			knownRegions = (
				en,
				Base,
			);
			mainGroup = 2F19A84F28BEA7B1003F4144;
			productRefGroup = 2F19A85928BEA7B1003F4144 /* Products */;
			projectDirPath = "";
			projectRoot = "";
			targets = (
				2F19A85728BEA7B1003F4144 /* SolarSystemPlanets */,
			);
		};
/* End PBXProject section */

/* Begin PBXResourcesBuildPhase section */
		2F19A85628BEA7B1003F4144 /* Resources */ = {
			isa = PBXResourcesBuildPhase;
			buildActionMask = 2147483647;
			files = (
				2F19A86328BEA7B3003F4144 /* Preview Assets.xcassets in Resources */,
				2F19A86028BEA7B3003F4144 /* Assets.xcassets in Resources */,
			);
			runOnlyForDeploymentPostprocessing = 0;
		};
/* End PBXResourcesBuildPhase section */

/* Begin PBXSourcesBuildPhase section */
		2F19A85428BEA7B1003F4144 /* Sources */ = {
			isa = PBXSourcesBuildPhase;
			buildActionMask = 2147483647;
			files = (
				2F19A85E28BEA7B1003F4144 /* ContentView.swift in Sources */,
				2F19A85C28BEA7B1003F4144 /* SolarSystemPlanetsApp.swift in Sources */,
				2F19A87028BEACFD003F4144 /* PlanetView.swift in Sources */,
				2F19A86E28BEAA2D003F4144 /* ButtonView.swift in Sources */,
				2F19A86A28BEA862003F4144 /* Planets.swift in Sources */,
				2F19A86C28BEA920003F4144 /* Datas.swift in Sources */,
			);
			runOnlyForDeploymentPostprocessing = 0;
		};
/* End PBXSourcesBuildPhase section */

/* Begin XCBuildConfiguration section */
		2F19A86428BEA7B3003F4144 /* Debug */ = {
			isa = XCBuildConfiguration;
			buildSettings = {
				ALWAYS_SEARCH_USER_PATHS = NO;
				CLANG_ANALYZER_NONNULL = YES;
				CLANG_ANALYZER_NUMBER_OBJECT_CONVERSION = YES_AGGRESSIVE;
				CLANG_CXX_LANGUAGE_STANDARD = "gnu++17";
				CLANG_ENABLE_MODULES = YES;
				CLANG_ENABLE_OBJC_ARC = YES;
				CLANG_ENABLE_OBJC_WEAK = YES;
				CLANG_WARN_BLOCK_CAPTURE_AUTORELEASING = YES;
				CLANG_WARN_BOOL_CONVERSION = YES;
				CLANG_WARN_COMMA = YES;
				CLANG_WARN_CONSTANT_CONVERSION = YES;
				CLANG_WARN_DEPRECATED_OBJC_IMPLEMENTATIONS = YES;
				CLANG_WARN_DIRECT_OBJC_ISA_USAGE = YES_ERROR;
				CLANG_WARN_DOCUMENTATION_COMMENTS = YES;
				CLANG_WARN_EMPTY_BODY = YES;
				CLANG_WARN_ENUM_CONVERSION = YES;
				CLANG_WARN_INFINITE_RECURSION = YES;
				CLANG_WARN_INT_CONVERSION = YES;
				CLANG_WARN_NON_LITERAL_NULL_CONVERSION = YES;
				CLANG_WARN_OBJC_IMPLICIT_RETAIN_SELF = YES;
				CLANG_WARN_OBJC_LITERAL_CONVERSION = YES;
				CLANG_WARN_OBJC_ROOT_CLASS = YES_ERROR;
				CLANG_WARN_QUOTED_INCLUDE_IN_FRAMEWORK_HEADER = YES;
				CLANG_WARN_RANGE_LOOP_ANALYSIS = YES;
				CLANG_WARN_STRICT_PROTOTYPES = YES;
				CLANG_WARN_SUSPICIOUS_MOVE = YES;
				CLANG_WARN_UNGUARDED_AVAILABILITY = YES_AGGRESSIVE;
				CLANG_WARN_UNREACHABLE_CODE = YES;
				CLANG_WARN__DUPLICATE_METHOD_MATCH = YES;
				COPY_PHASE_STRIP = NO;
				DEBUG_INFORMATION_FORMAT = dwarf;
				ENABLE_STRICT_OBJC_MSGSEND = YES;
				ENABLE_TESTABILITY = YES;
				GCC_C_LANGUAGE_STANDARD = gnu11;
				GCC_DYNAMIC_NO_PIC = NO;
				GCC_NO_COMMON_BLOCKS = YES;
				GCC_OPTIMIZATION_LEVEL = 0;
				GCC_PREPROCESSOR_DEFINITIONS = (
					"DEBUG=1",
					"$(inherited)",
				);
				GCC_WARN_64_TO_32_BIT_CONVERSION = YES;
				GCC_WARN_ABOUT_RETURN_TYPE = YES_ERROR;
				GCC_WARN_UNDECLARED_SELECTOR = YES;
				GCC_WARN_UNINITIALIZED_AUTOS = YES_AGGRESSIVE;
				GCC_WARN_UNUSED_FUNCTION = YES;
				GCC_WARN_UNUSED_VARIABLE = YES;
				IPHONEOS_DEPLOYMENT_TARGET = 15.5;
				MTL_ENABLE_DEBUG_INFO = INCLUDE_SOURCE;
				MTL_FAST_MATH = YES;
				ONLY_ACTIVE_ARCH = YES;
				SDKROOT = iphoneos;
				SWIFT_ACTIVE_COMPILATION_CONDITIONS = DEBUG;
				SWIFT_OPTIMIZATION_LEVEL = "-Onone";
			};
			name = Debug;
		};
		2F19A86528BEA7B3003F4144 /* Release */ = {
			isa = XCBuildConfiguration;
			buildSettings = {
				ALWAYS_SEARCH_USER_PATHS = NO;
				CLANG_ANALYZER_NONNULL = YES;
				CLANG_ANALYZER_NUMBER_OBJECT_CONVERSION = YES_AGGRESSIVE;
				CLANG_CXX_LANGUAGE_STANDARD = "gnu++17";
				CLANG_ENABLE_MODULES = YES;
				CLANG_ENABLE_OBJC_ARC = YES;
				CLANG_ENABLE_OBJC_WEAK = YES;
				CLANG_WARN_BLOCK_CAPTURE_AUTORELEASING = YES;
				CLANG_WARN_BOOL_CONVERSION = YES;
				CLANG_WARN_COMMA = YES;
				CLANG_WARN_CONSTANT_CONVERSION = YES;
				CLANG_WARN_DEPRECATED_OBJC_IMPLEMENTATIONS = YES;
				CLANG_WARN_DIRECT_OBJC_ISA_USAGE = YES_ERROR;
				CLANG_WARN_DOCUMENTATION_COMMENTS = YES;
				CLANG_WARN_EMPTY_BODY = YES;
				CLANG_WARN_ENUM_CONVERSION = YES;
				CLANG_WARN_INFINITE_RECURSION = YES;
				CLANG_WARN_INT_CONVERSION = YES;
				CLANG_WARN_NON_LITERAL_NULL_CONVERSION = YES;
				CLANG_WARN_OBJC_IMPLICIT_RETAIN_SELF = YES;
				CLANG_WARN_OBJC_LITERAL_CONVERSION = YES;
				CLANG_WARN_OBJC_ROOT_CLASS = YES_ERROR;
				CLANG_WARN_QUOTED_INCLUDE_IN_FRAMEWORK_HEADER = YES;
				CLANG_WARN_RANGE_LOOP_ANALYSIS = YES;
				CLANG_WARN_STRICT_PROTOTYPES = YES;
				CLANG_WARN_SUSPICIOUS_MOVE = YES;
				CLANG_WARN_UNGUARDED_AVAILABILITY = YES_AGGRESSIVE;
				CLANG_WARN_UNREACHABLE_CODE = YES;
				CLANG_WARN__DUPLICATE_METHOD_MATCH = YES;
				COPY_PHASE_STRIP = NO;
				DEBUG_INFORMATION_FORMAT = "dwarf-with-dsym";
				ENABLE_NS_ASSERTIONS = NO;
				ENABLE_STRICT_OBJC_MSGSEND = YES;
				GCC_C_LANGUAGE_STANDARD = gnu11;
				GCC_NO_COMMON_BLOCKS = YES;
				GCC_WARN_64_TO_32_BIT_CONVERSION = YES;
				GCC_WARN_ABOUT_RETURN_TYPE = YES_ERROR;
				GCC_WARN_UNDECLARED_SELECTOR = YES;
				GCC_WARN_UNINITIALIZED_AUTOS = YES_AGGRESSIVE;
				GCC_WARN_UNUSED_FUNCTION = YES;
				GCC_WARN_UNUSED_VARIABLE = YES;
				IPHONEOS_DEPLOYMENT_TARGET = 15.5;
				MTL_ENABLE_DEBUG_INFO = NO;
				MTL_FAST_MATH = YES;
				SDKROOT = iphoneos;
				SWIFT_COMPILATION_MODE = wholemodule;
				SWIFT_OPTIMIZATION_LEVEL = "-O";
				VALIDATE_PRODUCT = YES;
			};
			name = Release;
		};
		2F19A86728BEA7B3003F4144 /* Debug */ = {
			isa = XCBuildConfiguration;
			buildSettings = {
				ASSETCATALOG_COMPILER_APPICON_NAME = AppIcon;
				ASSETCATALOG_COMPILER_GLOBAL_ACCENT_COLOR_NAME = AccentColor;
				CODE_SIGN_STYLE = Automatic;
				CURRENT_PROJECT_VERSION = 1;
				DEVELOPMENT_ASSET_PATHS = "\"SolarSystemPlanets/Preview Content\"";
				DEVELOPMENT_TEAM = FM2ZRB2384;
				ENABLE_PREVIEWS = YES;
				GENERATE_INFOPLIST_FILE = YES;
				INFOPLIST_KEY_UIApplicationSceneManifest_Generation = YES;
				INFOPLIST_KEY_UIApplicationSupportsIndirectInputEvents = YES;
				INFOPLIST_KEY_UILaunchScreen_Generation = YES;
				INFOPLIST_KEY_UISupportedInterfaceOrientations_iPad = "UIInterfaceOrientationPortrait UIInterfaceOrientationPortraitUpsideDown UIInterfaceOrientationLandscapeLeft UIInterfaceOrientationLandscapeRight";
				INFOPLIST_KEY_UISupportedInterfaceOrientations_iPhone = "UIInterfaceOrientationPortrait UIInterfaceOrientationLandscapeLeft UIInterfaceOrientationLandscapeRight";
				LD_RUNPATH_SEARCH_PATHS = (
					"$(inherited)",
					"@executable_path/Frameworks",
				);
				MARKETING_VERSION = 1.0;
				PRODUCT_BUNDLE_IDENTIFIER = com.dusan.SolarSystemPlanets;
				PRODUCT_NAME = "$(TARGET_NAME)";
				SWIFT_EMIT_LOC_STRINGS = YES;
				SWIFT_VERSION = 5.0;
				TARGETED_DEVICE_FAMILY = "1,2";
			};
			name = Debug;
		};
		2F19A86828BEA7B3003F4144 /* Release */ = {
			isa = XCBuildConfiguration;
			buildSettings = {
				ASSETCATALOG_COMPILER_APPICON_NAME = AppIcon;
				ASSETCATALOG_COMPILER_GLOBAL_ACCENT_COLOR_NAME = AccentColor;
				CODE_SIGN_STYLE = Automatic;
				CURRENT_PROJECT_VERSION = 1;
				DEVELOPMENT_ASSET_PATHS = "\"SolarSystemPlanets/Preview Content\"";
				DEVELOPMENT_TEAM = FM2ZRB2384;
				ENABLE_PREVIEWS = YES;
				GENERATE_INFOPLIST_FILE = YES;
				INFOPLIST_KEY_UIApplicationSceneManifest_Generation = YES;
				INFOPLIST_KEY_UIApplicationSupportsIndirectInputEvents = YES;
				INFOPLIST_KEY_UILaunchScreen_Generation = YES;
				INFOPLIST_KEY_UISupportedInterfaceOrientations_iPad = "UIInterfaceOrientationPortrait UIInterfaceOrientationPortraitUpsideDown UIInterfaceOrientationLandscapeLeft UIInterfaceOrientationLandscapeRight";
				INFOPLIST_KEY_UISupportedInterfaceOrientations_iPhone = "UIInterfaceOrientationPortrait UIInterfaceOrientationLandscapeLeft UIInterfaceOrientationLandscapeRight";
				LD_RUNPATH_SEARCH_PATHS = (
					"$(inherited)",
					"@executable_path/Frameworks",
				);
				MARKETING_VERSION = 1.0;
				PRODUCT_BUNDLE_IDENTIFIER = com.dusan.SolarSystemPlanets;
				PRODUCT_NAME = "$(TARGET_NAME)";
				SWIFT_EMIT_LOC_STRINGS = YES;
				SWIFT_VERSION = 5.0;
				TARGETED_DEVICE_FAMILY = "1,2";
			};
			name = Release;
		};
/* End XCBuildConfiguration section */

/* Begin XCConfigurationList section */
		2F19A85328BEA7B1003F4144 /* Build configuration list for PBXProject "SolarSystemPlanets" */ = {
			isa = XCConfigurationList;
			buildConfigurations = (
				2F19A86428BEA7B3003F4144 /* Debug */,
				2F19A86528BEA7B3003F4144 /* Release */,
			);
			defaultConfigurationIsVisible = 0;
			defaultConfigurationName = Release;
		};
		2F19A86628BEA7B3003F4144 /* Build configuration list for PBXNativeTarget "SolarSystemPlanets" */ = {
			isa = XCConfigurationList;
			buildConfigurations = (
				2F19A86728BEA7B3003F4144 /* Debug */,
				2F19A86828BEA7B3003F4144 /* Release */,
			);
			defaultConfigurationIsVisible = 0;
			defaultConfigurationName = Release;
		};
/* End XCConfigurationList section */
	};
	rootObject = 2F19A85028BEA7B1003F4144 /* Project object */;
}
